<?xml version="1.0" encoding="utf-8"?>
<Project ToolsVersion="4.0" xmlns="http://schemas.microsoft.com/developer/msbuild/2003">
  <ItemGroup>
    <Filter Include="Source Files">
      <UniqueIdentifier>{4FC737F1-C7A5-4376-A066-2A32D752A2FF}</UniqueIdentifier>
      <Extensions>cpp;c;cc;cxx;def;odl;idl;hpj;bat;asm;asmx</Extensions>
    </Filter>
    <Filter Include="Header Files">
      <UniqueIdentifier>{93995380-89BD-4b04-88EB-625FBE52EBFB}</UniqueIdentifier>
      <Extensions>h;hh;hpp;hxx;hm;inl;inc;xsd</Extensions>
    </Filter>
    <Filter Include="Resource Files">
      <UniqueIdentifier>{67DA6AB6-F800-4c08-8B7A-83BB121AAD01}</UniqueIdentifier>
      <Extensions>rc;ico;cur;bmp;dlg;rc2;rct;bin;rgs;gif;jpg;jpeg;jpe;resx;tiff;tif;png;wav;mfcribbon-ms</Extensions>
    </Filter>
    <Filter Include="Header Files\commands">
      <UniqueIdentifier>{5674975e-381e-41a8-bb3c-3ad1ad5504d3}</UniqueIdentifier>
    </Filter>
    <Filter Include="Source Files\commands">
      <UniqueIdentifier>{3ca7a3ff-9cb8-43a2-bb4b-e55ad34ad9c9}</UniqueIdentifier>
    </Filter>
  </ItemGroup>
  <ItemGroup>
    <None Include="PropertySheet.props" />
    <None Include="packages.config" />
  </ItemGroup>
  <ItemGroup>
    <ClInclude Include="include\Commandline.h">
      <Filter>Header Files</Filter>
    </ClInclude>
    <ClInclude Include="include\HelpCommand.h">
      <Filter>Header Files</Filter>
    </ClInclude>
    <ClInclude Include="include\strings.h">
      <Filter>Header Files</Filter>
    </ClInclude>
    <ClInclude Include="include\FileMetadata.h">
      <Filter>Header Files</Filter>
    </ClInclude>
    <ClInclude Include="include\PropertyGroups.h">
      <Filter>Header Files</Filter>
    </ClInclude>
    <ClInclude Include="include\Command.h">
      <Filter>Header Files\commands</Filter>
    </ClInclude>
    <ClInclude Include="include\CommandListFileMetadata.h">
      <Filter>Header Files\commands</Filter>
    </ClInclude>
    <ClInclude Include="include\CommandListFolderMetadata.h">
      <Filter>Header Files\commands</Filter>
    </ClInclude>
    <ClInclude Include="include\CommandModifyFileMetadata.h">
      <Filter>Header Files\commands</Filter>
    </ClInclude>
    <ClInclude Include="include\CommandModifyFolderMetadata.h">
      <Filter>Header Files\commands</Filter>
    </ClInclude>
  </ItemGroup>
  <ItemGroup>
    <ClCompile Include="source\Commandline.cpp">
      <Filter>Source Files</Filter>
    </ClCompile>
    <ClCompile Include="source\HelpCommand.cpp">
      <Filter>Source Files</Filter>
    </ClCompile>
    <ClCompile Include="source\main.cpp">
      <Filter>Source Files</Filter>
    </ClCompile>
    <ClCompile Include="source\FileMetadata.cpp">
      <Filter>Source Files</Filter>
    </ClCompile>
    <ClCompile Include="source\PropertyGroups.cpp">
      <Filter>Source Files</Filter>
    </ClCompile>
    <ClCompile Include="source\Command.cpp">
      <Filter>Source Files\commands</Filter>
    </ClCompile>
    <ClCompile Include="source\CommandListFileMetadata.cpp">
      <Filter>Source Files\commands</Filter>
    </ClCompile>
    <ClCompile Include="source\CommandListFolderMetadata.cpp">
      <Filter>Source Files\commands</Filter>
    </ClCompile>
    <ClCompile Include="source\CommandModifyFileMetadata.cpp">
      <Filter>Source Files\commands</Filter>
    </ClCompile>
    <ClCompile Include="source\CommandModifyFolderMetadata.cpp">
      <Filter>Source Files\commands</Filter>
    </ClCompile>
  </ItemGroup>
</Project>